// !$*UTF8*$!
{
	archiveVersion = 1;
	classes = {
	};
	objectVersion = 46;
	objects = {

/* Begin PBXBuildFile section */
		1268E6F71AE3DCB900319757 /* AddOrChoosePlayerViewController.m in Sources */ = {isa = PBXBuildFile; fileRef = 1268E6F51AE3DCB900319757 /* AddOrChoosePlayerViewController.m */; };
		1268E6FC1AE3DD3300319757 /* Game.m in Sources */ = {isa = PBXBuildFile; fileRef = 1268E6FB1AE3DD3300319757 /* Game.m */; };
		1268E6FF1AE3DD3400319757 /* Player.m in Sources */ = {isa = PBXBuildFile; fileRef = 1268E6FE1AE3DD3400319757 /* Player.m */; };
		1268E7011AE3DD7200319757 /* AddOrChoosePlayerViewController.xib in Resources */ = {isa = PBXBuildFile; fileRef = 1268E7001AE3DD7200319757 /* AddOrChoosePlayerViewController.xib */; };
		1268E7031AE3F9FB00319757 /* plus-simple-7.png in Resources */ = {isa = PBXBuildFile; fileRef = 1268E7021AE3F9FB00319757 /* plus-simple-7.png */; };
		1268E7051AE3FA6100319757 /* circle-user-7.png in Resources */ = {isa = PBXBuildFile; fileRef = 1268E7041AE3FA6100319757 /* circle-user-7.png */; };
		1268E7431AE42DBC00319757 /* NewPlayerTabViewController.m in Sources */ = {isa = PBXBuildFile; fileRef = 1268E7411AE42DBC00319757 /* NewPlayerTabViewController.m */; };
		1268E7461AE42DEC00319757 /* NewPlayerTabViewController.xib in Resources */ = {isa = PBXBuildFile; fileRef = 1268E7451AE42DEC00319757 /* NewPlayerTabViewController.xib */; };
		1268E74A1AE42E1B00319757 /* ExistPlayerViewController.m in Sources */ = {isa = PBXBuildFile; fileRef = 1268E7481AE42E1B00319757 /* ExistPlayerViewController.m */; };
		1268E74D1AE42E3200319757 /* ExistPlayerViewController.xib in Resources */ = {isa = PBXBuildFile; fileRef = 1268E74C1AE42E3200319757 /* ExistPlayerViewController.xib */; };
		126ADC701AE19BC30043DB9E /* MainMenuViewController.m in Sources */ = {isa = PBXBuildFile; fileRef = 126ADC6E1AE19BC30043DB9E /* MainMenuViewController.m */; };
		126ADC761AE19C6F0043DB9E /* MainMenuViewController.xib in Resources */ = {isa = PBXBuildFile; fileRef = 126ADC751AE19C6F0043DB9E /* MainMenuViewController.xib */; };
		126ADC7A1AE1D1F80043DB9E /* SetPlayersViewController.m in Sources */ = {isa = PBXBuildFile; fileRef = 126ADC781AE1D1F80043DB9E /* SetPlayersViewController.m */; };
		126ADC7F1AE1D20F0043DB9E /* NewGameViewController.m in Sources */ = {isa = PBXBuildFile; fileRef = 126ADC7D1AE1D20F0043DB9E /* NewGameViewController.m */; };
		126ADC831AE1D2710043DB9E /* NewGameViewController.xib in Resources */ = {isa = PBXBuildFile; fileRef = 126ADC811AE1D2710043DB9E /* NewGameViewController.xib */; };
		126ADC841AE1D2710043DB9E /* SetPlayersViewController.xib in Resources */ = {isa = PBXBuildFile; fileRef = 126ADC821AE1D2710043DB9E /* SetPlayersViewController.xib */; };
		128433C71AE2E7A100189028 /* CoreDataManager.m in Sources */ = {isa = PBXBuildFile; fileRef = 128433C61AE2E7A100189028 /* CoreDataManager.m */; };
		3AD7E8061ACFD4B00001914E /* main.m in Sources */ = {isa = PBXBuildFile; fileRef = 3AD7E8051ACFD4B00001914E /* main.m */; };
		3AD7E8091ACFD4B00001914E /* AppDelegate.m in Sources */ = {isa = PBXBuildFile; fileRef = 3AD7E8081ACFD4B00001914E /* AppDelegate.m */; };
		3AD7E80C1ACFD4B00001914E /* Mafia.xcdatamodeld in Sources */ = {isa = PBXBuildFile; fileRef = 3AD7E80A1ACFD4B00001914E /* Mafia.xcdatamodeld */; };
		3AD7E8141ACFD4B00001914E /* Images.xcassets in Resources */ = {isa = PBXBuildFile; fileRef = 3AD7E8131ACFD4B00001914E /* Images.xcassets */; };
		3AD7E8171ACFD4B00001914E /* LaunchScreen.xib in Resources */ = {isa = PBXBuildFile; fileRef = 3AD7E8151ACFD4B00001914E /* LaunchScreen.xib */; };
		3AD7E8231ACFD4B00001914E /* MafiaTests.m in Sources */ = {isa = PBXBuildFile; fileRef = 3AD7E8221ACFD4B00001914E /* MafiaTests.m */; };
/* End PBXBuildFile section */

/* Begin PBXContainerItemProxy section */
		3AD7E81D1ACFD4B00001914E /* PBXContainerItemProxy */ = {
			isa = PBXContainerItemProxy;
			containerPortal = 3AD7E7F81ACFD4B00001914E /* Project object */;
			proxyType = 1;
			remoteGlobalIDString = 3AD7E7FF1ACFD4B00001914E;
			remoteInfo = Mafia;
		};
/* End PBXContainerItemProxy section */

/* Begin PBXFileReference section */
		1268E6F41AE3DCB900319757 /* AddOrChoosePlayerViewController.h */ = {isa = PBXFileReference; fileEncoding = 4; lastKnownFileType = sourcecode.c.h; path = AddOrChoosePlayerViewController.h; sourceTree = "<group>"; };
		1268E6F51AE3DCB900319757 /* AddOrChoosePlayerViewController.m */ = {isa = PBXFileReference; fileEncoding = 4; lastKnownFileType = sourcecode.c.objc; path = AddOrChoosePlayerViewController.m; sourceTree = "<group>"; };
		1268E6FA1AE3DD3300319757 /* Game.h */ = {isa = PBXFileReference; fileEncoding = 4; lastKnownFileType = sourcecode.c.h; path = Game.h; sourceTree = "<group>"; };
		1268E6FB1AE3DD3300319757 /* Game.m */ = {isa = PBXFileReference; fileEncoding = 4; lastKnownFileType = sourcecode.c.objc; path = Game.m; sourceTree = "<group>"; };
		1268E6FD1AE3DD3300319757 /* Player.h */ = {isa = PBXFileReference; fileEncoding = 4; lastKnownFileType = sourcecode.c.h; path = Player.h; sourceTree = "<group>"; };
		1268E6FE1AE3DD3400319757 /* Player.m */ = {isa = PBXFileReference; fileEncoding = 4; lastKnownFileType = sourcecode.c.objc; path = Player.m; sourceTree = "<group>"; };
		1268E7001AE3DD7200319757 /* AddOrChoosePlayerViewController.xib */ = {isa = PBXFileReference; fileEncoding = 4; lastKnownFileType = file.xib; path = AddOrChoosePlayerViewController.xib; sourceTree = "<group>"; };
		1268E7021AE3F9FB00319757 /* plus-simple-7.png */ = {isa = PBXFileReference; lastKnownFileType = image.png; path = "plus-simple-7.png"; sourceTree = "<group>"; };
		1268E7041AE3FA6100319757 /* circle-user-7.png */ = {isa = PBXFileReference; lastKnownFileType = image.png; path = "circle-user-7.png"; sourceTree = "<group>"; };
		1268E7401AE42DBC00319757 /* NewPlayerTabViewController.h */ = {isa = PBXFileReference; fileEncoding = 4; lastKnownFileType = sourcecode.c.h; path = NewPlayerTabViewController.h; sourceTree = "<group>"; };
		1268E7411AE42DBC00319757 /* NewPlayerTabViewController.m */ = {isa = PBXFileReference; fileEncoding = 4; lastKnownFileType = sourcecode.c.objc; path = NewPlayerTabViewController.m; sourceTree = "<group>"; };
		1268E7451AE42DEC00319757 /* NewPlayerTabViewController.xib */ = {isa = PBXFileReference; fileEncoding = 4; lastKnownFileType = file.xib; path = NewPlayerTabViewController.xib; sourceTree = "<group>"; };
		1268E7471AE42E1B00319757 /* ExistPlayerViewController.h */ = {isa = PBXFileReference; fileEncoding = 4; lastKnownFileType = sourcecode.c.h; path = ExistPlayerViewController.h; sourceTree = "<group>"; };
		1268E7481AE42E1B00319757 /* ExistPlayerViewController.m */ = {isa = PBXFileReference; fileEncoding = 4; lastKnownFileType = sourcecode.c.objc; path = ExistPlayerViewController.m; sourceTree = "<group>"; };
		1268E74C1AE42E3200319757 /* ExistPlayerViewController.xib */ = {isa = PBXFileReference; fileEncoding = 4; lastKnownFileType = file.xib; path = ExistPlayerViewController.xib; sourceTree = "<group>"; };
		126ADC6D1AE19BC30043DB9E /* MainMenuViewController.h */ = {isa = PBXFileReference; fileEncoding = 4; lastKnownFileType = sourcecode.c.h; path = MainMenuViewController.h; sourceTree = "<group>"; };
		126ADC6E1AE19BC30043DB9E /* MainMenuViewController.m */ = {isa = PBXFileReference; fileEncoding = 4; lastKnownFileType = sourcecode.c.objc; path = MainMenuViewController.m; sourceTree = "<group>"; };
		126ADC751AE19C6F0043DB9E /* MainMenuViewController.xib */ = {isa = PBXFileReference; fileEncoding = 4; lastKnownFileType = file.xib; path = MainMenuViewController.xib; sourceTree = "<group>"; };
		126ADC771AE1D1F80043DB9E /* SetPlayersViewController.h */ = {isa = PBXFileReference; fileEncoding = 4; lastKnownFileType = sourcecode.c.h; path = SetPlayersViewController.h; sourceTree = "<group>"; };
		126ADC781AE1D1F80043DB9E /* SetPlayersViewController.m */ = {isa = PBXFileReference; fileEncoding = 4; lastKnownFileType = sourcecode.c.objc; path = SetPlayersViewController.m; sourceTree = "<group>"; };
		126ADC7C1AE1D20F0043DB9E /* NewGameViewController.h */ = {isa = PBXFileReference; fileEncoding = 4; lastKnownFileType = sourcecode.c.h; path = NewGameViewController.h; sourceTree = "<group>"; };
		126ADC7D1AE1D20F0043DB9E /* NewGameViewController.m */ = {isa = PBXFileReference; fileEncoding = 4; lastKnownFileType = sourcecode.c.objc; path = NewGameViewController.m; sourceTree = "<group>"; };
		126ADC811AE1D2710043DB9E /* NewGameViewController.xib */ = {isa = PBXFileReference; fileEncoding = 4; lastKnownFileType = file.xib; path = NewGameViewController.xib; sourceTree = "<group>"; };
		126ADC821AE1D2710043DB9E /* SetPlayersViewController.xib */ = {isa = PBXFileReference; fileEncoding = 4; lastKnownFileType = file.xib; path = SetPlayersViewController.xib; sourceTree = "<group>"; };
		128433C51AE2E7A100189028 /* CoreDataManager.h */ = {isa = PBXFileReference; fileEncoding = 4; lastKnownFileType = sourcecode.c.h; path = CoreDataManager.h; sourceTree = "<group>"; };
		128433C61AE2E7A100189028 /* CoreDataManager.m */ = {isa = PBXFileReference; fileEncoding = 4; lastKnownFileType = sourcecode.c.objc; path = CoreDataManager.m; sourceTree = "<group>"; };
		3AD7E8001ACFD4B00001914E /* Mafia.app */ = {isa = PBXFileReference; explicitFileType = wrapper.application; includeInIndex = 0; path = Mafia.app; sourceTree = BUILT_PRODUCTS_DIR; };
		3AD7E8041ACFD4B00001914E /* Info.plist */ = {isa = PBXFileReference; lastKnownFileType = text.plist.xml; path = Info.plist; sourceTree = "<group>"; };
		3AD7E8051ACFD4B00001914E /* main.m */ = {isa = PBXFileReference; lastKnownFileType = sourcecode.c.objc; path = main.m; sourceTree = "<group>"; };
		3AD7E8071ACFD4B00001914E /* AppDelegate.h */ = {isa = PBXFileReference; lastKnownFileType = sourcecode.c.h; path = AppDelegate.h; sourceTree = "<group>"; };
		3AD7E8081ACFD4B00001914E /* AppDelegate.m */ = {isa = PBXFileReference; lastKnownFileType = sourcecode.c.objc; path = AppDelegate.m; sourceTree = "<group>"; };
		3AD7E80B1ACFD4B00001914E /* Mafia.xcdatamodel */ = {isa = PBXFileReference; lastKnownFileType = wrapper.xcdatamodel; path = Mafia.xcdatamodel; sourceTree = "<group>"; };
		3AD7E8131ACFD4B00001914E /* Images.xcassets */ = {isa = PBXFileReference; lastKnownFileType = folder.assetcatalog; path = Images.xcassets; sourceTree = "<group>"; };
		3AD7E8161ACFD4B00001914E /* Base */ = {isa = PBXFileReference; lastKnownFileType = file.xib; name = Base; path = Base.lproj/LaunchScreen.xib; sourceTree = "<group>"; };
		3AD7E81C1ACFD4B00001914E /* MafiaTests.xctest */ = {isa = PBXFileReference; explicitFileType = wrapper.cfbundle; includeInIndex = 0; path = MafiaTests.xctest; sourceTree = BUILT_PRODUCTS_DIR; };
		3AD7E8211ACFD4B00001914E /* Info.plist */ = {isa = PBXFileReference; lastKnownFileType = text.plist.xml; path = Info.plist; sourceTree = "<group>"; };
		3AD7E8221ACFD4B00001914E /* MafiaTests.m */ = {isa = PBXFileReference; lastKnownFileType = sourcecode.c.objc; path = MafiaTests.m; sourceTree = "<group>"; };
/* End PBXFileReference section */

/* Begin PBXFrameworksBuildPhase section */
		3AD7E7FD1ACFD4B00001914E /* Frameworks */ = {
			isa = PBXFrameworksBuildPhase;
			buildActionMask = 2147483647;
			files = (
			);
			runOnlyForDeploymentPostprocessing = 0;
		};
		3AD7E8191ACFD4B00001914E /* Frameworks */ = {
			isa = PBXFrameworksBuildPhase;
			buildActionMask = 2147483647;
			files = (
			);
			runOnlyForDeploymentPostprocessing = 0;
		};
/* End PBXFrameworksBuildPhase section */

/* Begin PBXGroup section */
		1268E6F91AE3DD1900319757 /* Models */ = {
			isa = PBXGroup;
			children = (
				1268E6FD1AE3DD3300319757 /* Player.h */,
				1268E6FE1AE3DD3400319757 /* Player.m */,
				1268E6FA1AE3DD3300319757 /* Game.h */,
				1268E6FB1AE3DD3300319757 /* Game.m */,
			);
			path = Models;
			sourceTree = "<group>";
		};
		126ADC6C1AE19ADF0043DB9E /* Controllers */ = {
			isa = PBXGroup;
			children = (
				126ADC6D1AE19BC30043DB9E /* MainMenuViewController.h */,
				126ADC6E1AE19BC30043DB9E /* MainMenuViewController.m */,
				126ADC771AE1D1F80043DB9E /* SetPlayersViewController.h */,
				126ADC781AE1D1F80043DB9E /* SetPlayersViewController.m */,
				126ADC7C1AE1D20F0043DB9E /* NewGameViewController.h */,
				126ADC7D1AE1D20F0043DB9E /* NewGameViewController.m */,
				1268E6F41AE3DCB900319757 /* AddOrChoosePlayerViewController.h */,
				1268E6F51AE3DCB900319757 /* AddOrChoosePlayerViewController.m */,
				1268E7401AE42DBC00319757 /* NewPlayerTabViewController.h */,
				1268E7411AE42DBC00319757 /* NewPlayerTabViewController.m */,
				1268E7471AE42E1B00319757 /* ExistPlayerViewController.h */,
				1268E7481AE42E1B00319757 /* ExistPlayerViewController.m */,
			);
			path = Controllers;
			sourceTree = "<group>";
		};
		126ADC741AE19C650043DB9E /* Views */ = {
			isa = PBXGroup;
			children = (
				126ADC751AE19C6F0043DB9E /* MainMenuViewController.xib */,
				126ADC811AE1D2710043DB9E /* NewGameViewController.xib */,
				126ADC821AE1D2710043DB9E /* SetPlayersViewController.xib */,
				1268E7001AE3DD7200319757 /* AddOrChoosePlayerViewController.xib */,
				1268E7451AE42DEC00319757 /* NewPlayerTabViewController.xib */,
				1268E74C1AE42E3200319757 /* ExistPlayerViewController.xib */,
			);
			path = Views;
			sourceTree = "<group>";
		};
		126ADC851AE1D7600043DB9E /* Resources */ = {
			isa = PBXGroup;
			children = (
				1268E7041AE3FA6100319757 /* circle-user-7.png */,
				1268E7021AE3F9FB00319757 /* plus-simple-7.png */,
			);
			path = Resources;
			sourceTree = "<group>";
		};
		128433C41AE2E76600189028 /* Sources */ = {
			isa = PBXGroup;
			children = (
				128433C51AE2E7A100189028 /* CoreDataManager.h */,
				128433C61AE2E7A100189028 /* CoreDataManager.m */,
			);
			path = Sources;
			sourceTree = "<group>";
		};
		3AD7E7F71ACFD4B00001914E = {
			isa = PBXGroup;
			children = (
				3AD7E8021ACFD4B00001914E /* Mafia */,
				3AD7E81F1ACFD4B00001914E /* MafiaTests */,
				3AD7E8011ACFD4B00001914E /* Products */,
			);
			sourceTree = "<group>";
		};
		3AD7E8011ACFD4B00001914E /* Products */ = {
			isa = PBXGroup;
			children = (
				3AD7E8001ACFD4B00001914E /* Mafia.app */,
				3AD7E81C1ACFD4B00001914E /* MafiaTests.xctest */,
			);
			name = Products;
			sourceTree = "<group>";
		};
		3AD7E8021ACFD4B00001914E /* Mafia */ = {
			isa = PBXGroup;
			children = (
				1268E6F91AE3DD1900319757 /* Models */,
				128433C41AE2E76600189028 /* Sources */,
				126ADC851AE1D7600043DB9E /* Resources */,
				126ADC741AE19C650043DB9E /* Views */,
				126ADC6C1AE19ADF0043DB9E /* Controllers */,
				3AD7E8071ACFD4B00001914E /* AppDelegate.h */,
				3AD7E8081ACFD4B00001914E /* AppDelegate.m */,
				3AD7E8131ACFD4B00001914E /* Images.xcassets */,
				3AD7E8151ACFD4B00001914E /* LaunchScreen.xib */,
				3AD7E80A1ACFD4B00001914E /* Mafia.xcdatamodeld */,
				3AD7E8031ACFD4B00001914E /* Supporting Files */,
			);
			path = Mafia;
			sourceTree = "<group>";
		};
		3AD7E8031ACFD4B00001914E /* Supporting Files */ = {
			isa = PBXGroup;
			children = (
				3AD7E8041ACFD4B00001914E /* Info.plist */,
				3AD7E8051ACFD4B00001914E /* main.m */,
			);
			name = "Supporting Files";
			sourceTree = "<group>";
		};
		3AD7E81F1ACFD4B00001914E /* MafiaTests */ = {
			isa = PBXGroup;
			children = (
				3AD7E8221ACFD4B00001914E /* MafiaTests.m */,
				3AD7E8201ACFD4B00001914E /* Supporting Files */,
			);
			path = MafiaTests;
			sourceTree = "<group>";
		};
		3AD7E8201ACFD4B00001914E /* Supporting Files */ = {
			isa = PBXGroup;
			children = (
				3AD7E8211ACFD4B00001914E /* Info.plist */,
			);
			name = "Supporting Files";
			sourceTree = "<group>";
		};
/* End PBXGroup section */

/* Begin PBXNativeTarget section */
		3AD7E7FF1ACFD4B00001914E /* Mafia */ = {
			isa = PBXNativeTarget;
			buildConfigurationList = 3AD7E8261ACFD4B00001914E /* Build configuration list for PBXNativeTarget "Mafia" */;
			buildPhases = (
				3AD7E7FC1ACFD4B00001914E /* Sources */,
				3AD7E7FD1ACFD4B00001914E /* Frameworks */,
				3AD7E7FE1ACFD4B00001914E /* Resources */,
			);
			buildRules = (
			);
			dependencies = (
			);
			name = Mafia;
			productName = Mafia;
			productReference = 3AD7E8001ACFD4B00001914E /* Mafia.app */;
			productType = "com.apple.product-type.application";
		};
		3AD7E81B1ACFD4B00001914E /* MafiaTests */ = {
			isa = PBXNativeTarget;
			buildConfigurationList = 3AD7E8291ACFD4B00001914E /* Build configuration list for PBXNativeTarget "MafiaTests" */;
			buildPhases = (
				3AD7E8181ACFD4B00001914E /* Sources */,
				3AD7E8191ACFD4B00001914E /* Frameworks */,
				3AD7E81A1ACFD4B00001914E /* Resources */,
			);
			buildRules = (
			);
			dependencies = (
				3AD7E81E1ACFD4B00001914E /* PBXTargetDependency */,
			);
			name = MafiaTests;
			productName = MafiaTests;
			productReference = 3AD7E81C1ACFD4B00001914E /* MafiaTests.xctest */;
			productType = "com.apple.product-type.bundle.unit-test";
		};
/* End PBXNativeTarget section */

/* Begin PBXProject section */
		3AD7E7F81ACFD4B00001914E /* Project object */ = {
			isa = PBXProject;
			attributes = {
				LastUpgradeCheck = 0610;
				ORGANIZATIONNAME = bionic;
				TargetAttributes = {
					3AD7E7FF1ACFD4B00001914E = {
						CreatedOnToolsVersion = 6.1.1;
					};
					3AD7E81B1ACFD4B00001914E = {
						CreatedOnToolsVersion = 6.1.1;
						TestTargetID = 3AD7E7FF1ACFD4B00001914E;
					};
				};
			};
			buildConfigurationList = 3AD7E7FB1ACFD4B00001914E /* Build configuration list for PBXProject "Mafia" */;
			compatibilityVersion = "Xcode 3.2";
			developmentRegion = English;
			hasScannedForEncodings = 0;
			knownRegions = (
				en,
				Base,
			);
			mainGroup = 3AD7E7F71ACFD4B00001914E;
			productRefGroup = 3AD7E8011ACFD4B00001914E /* Products */;
			projectDirPath = "";
			projectRoot = "";
			targets = (
				3AD7E7FF1ACFD4B00001914E /* Mafia */,
				3AD7E81B1ACFD4B00001914E /* MafiaTests */,
			);
		};
/* End PBXProject section */

/* Begin PBXResourcesBuildPhase section */
		3AD7E7FE1ACFD4B00001914E /* Resources */ = {
			isa = PBXResourcesBuildPhase;
			buildActionMask = 2147483647;
			files = (
				126ADC841AE1D2710043DB9E /* SetPlayersViewController.xib in Resources */,
				3AD7E8171ACFD4B00001914E /* LaunchScreen.xib in Resources */,
				1268E7031AE3F9FB00319757 /* plus-simple-7.png in Resources */,
				1268E7051AE3FA6100319757 /* circle-user-7.png in Resources */,
				126ADC831AE1D2710043DB9E /* NewGameViewController.xib in Resources */,
				1268E7461AE42DEC00319757 /* NewPlayerTabViewController.xib in Resources */,
				126ADC761AE19C6F0043DB9E /* MainMenuViewController.xib in Resources */,
				1268E7011AE3DD7200319757 /* AddOrChoosePlayerViewController.xib in Resources */,
				3AD7E8141ACFD4B00001914E /* Images.xcassets in Resources */,
				1268E74D1AE42E3200319757 /* ExistPlayerViewController.xib in Resources */,
			);
			runOnlyForDeploymentPostprocessing = 0;
		};
		3AD7E81A1ACFD4B00001914E /* Resources */ = {
			isa = PBXResourcesBuildPhase;
			buildActionMask = 2147483647;
			files = (
			);
			runOnlyForDeploymentPostprocessing = 0;
		};
/* End PBXResourcesBuildPhase section */

/* Begin PBXSourcesBuildPhase section */
		3AD7E7FC1ACFD4B00001914E /* Sources */ = {
			isa = PBXSourcesBuildPhase;
			buildActionMask = 2147483647;
			files = (
				1268E7431AE42DBC00319757 /* NewPlayerTabViewController.m in Sources */,
				126ADC701AE19BC30043DB9E /* MainMenuViewController.m in Sources */,
				1268E74A1AE42E1B00319757 /* ExistPlayerViewController.m in Sources */,
				126ADC7F1AE1D20F0043DB9E /* NewGameViewController.m in Sources */,
				128433C71AE2E7A100189028 /* CoreDataManager.m in Sources */,
				3AD7E8091ACFD4B00001914E /* AppDelegate.m in Sources */,
				1268E6FC1AE3DD3300319757 /* Game.m in Sources */,
				1268E6FF1AE3DD3400319757 /* Player.m in Sources */,
				3AD7E8061ACFD4B00001914E /* main.m in Sources */,
				1268E6F71AE3DCB900319757 /* AddOrChoosePlayerViewController.m in Sources */,
				126ADC7A1AE1D1F80043DB9E /* SetPlayersViewController.m in Sources */,
				3AD7E80C1ACFD4B00001914E /* Mafia.xcdatamodeld in Sources */,
			);
			runOnlyForDeploymentPostprocessing = 0;
		};
		3AD7E8181ACFD4B00001914E /* Sources */ = {
			isa = PBXSourcesBuildPhase;
			buildActionMask = 2147483647;
			files = (
				3AD7E8231ACFD4B00001914E /* MafiaTests.m in Sources */,
			);
			runOnlyForDeploymentPostprocessing = 0;
		};
/* End PBXSourcesBuildPhase section */

/* Begin PBXTargetDependency section */
		3AD7E81E1ACFD4B00001914E /* PBXTargetDependency */ = {
			isa = PBXTargetDependency;
			target = 3AD7E7FF1ACFD4B00001914E /* Mafia */;
			targetProxy = 3AD7E81D1ACFD4B00001914E /* PBXContainerItemProxy */;
		};
/* End PBXTargetDependency section */

/* Begin PBXVariantGroup section */
		3AD7E8151ACFD4B00001914E /* LaunchScreen.xib */ = {
			isa = PBXVariantGroup;
			children = (
				3AD7E8161ACFD4B00001914E /* Base */,
			);
			name = LaunchScreen.xib;
			sourceTree = "<group>";
		};
/* End PBXVariantGroup section */

/* Begin XCBuildConfiguration section */
		3AD7E8241ACFD4B00001914E /* Debug */ = {
			isa = XCBuildConfiguration;
			buildSettings = {
				ALWAYS_SEARCH_USER_PATHS = NO;
				CLANG_CXX_LANGUAGE_STANDARD = "gnu++0x";
				CLANG_CXX_LIBRARY = "libc++";
				CLANG_ENABLE_MODULES = YES;
				CLANG_ENABLE_OBJC_ARC = YES;
				CLANG_WARN_BOOL_CONVERSION = YES;
				CLANG_WARN_CONSTANT_CONVERSION = YES;
				CLANG_WARN_DIRECT_OBJC_ISA_USAGE = YES_ERROR;
				CLANG_WARN_EMPTY_BODY = YES;
				CLANG_WARN_ENUM_CONVERSION = YES;
				CLANG_WARN_INT_CONVERSION = YES;
				CLANG_WARN_OBJC_ROOT_CLASS = YES_ERROR;
				CLANG_WARN_UNREACHABLE_CODE = YES;
				CLANG_WARN__DUPLICATE_METHOD_MATCH = YES;
				"CODE_SIGN_IDENTITY[sdk=iphoneos*]" = "iPhone Developer";
				COPY_PHASE_STRIP = NO;
				ENABLE_STRICT_OBJC_MSGSEND = YES;
				GCC_C_LANGUAGE_STANDARD = gnu99;
				GCC_DYNAMIC_NO_PIC = NO;
				GCC_OPTIMIZATION_LEVEL = 0;
				GCC_PREPROCESSOR_DEFINITIONS = (
					"DEBUG=1",
					"$(inherited)",
				);
				GCC_SYMBOLS_PRIVATE_EXTERN = NO;
				GCC_WARN_64_TO_32_BIT_CONVERSION = YES;
				GCC_WARN_ABOUT_RETURN_TYPE = YES_ERROR;
				GCC_WARN_UNDECLARED_SELECTOR = YES;
				GCC_WARN_UNINITIALIZED_AUTOS = YES_AGGRESSIVE;
				GCC_WARN_UNUSED_FUNCTION = YES;
				GCC_WARN_UNUSED_VARIABLE = YES;
				IPHONEOS_DEPLOYMENT_TARGET = 8.1;
				MTL_ENABLE_DEBUG_INFO = YES;
				ONLY_ACTIVE_ARCH = YES;
				SDKROOT = iphoneos;
			};
			name = Debug;
		};
		3AD7E8251ACFD4B00001914E /* Release */ = {
			isa = XCBuildConfiguration;
			buildSettings = {
				ALWAYS_SEARCH_USER_PATHS = NO;
				CLANG_CXX_LANGUAGE_STANDARD = "gnu++0x";
				CLANG_CXX_LIBRARY = "libc++";
				CLANG_ENABLE_MODULES = YES;
				CLANG_ENABLE_OBJC_ARC = YES;
				CLANG_WARN_BOOL_CONVERSION = YES;
				CLANG_WARN_CONSTANT_CONVERSION = YES;
				CLANG_WARN_DIRECT_OBJC_ISA_USAGE = YES_ERROR;
				CLANG_WARN_EMPTY_BODY = YES;
				CLANG_WARN_ENUM_CONVERSION = YES;
				CLANG_WARN_INT_CONVERSION = YES;
				CLANG_WARN_OBJC_ROOT_CLASS = YES_ERROR;
				CLANG_WARN_UNREACHABLE_CODE = YES;
				CLANG_WARN__DUPLICATE_METHOD_MATCH = YES;
				"CODE_SIGN_IDENTITY[sdk=iphoneos*]" = "iPhone Developer";
				COPY_PHASE_STRIP = YES;
				ENABLE_NS_ASSERTIONS = NO;
				ENABLE_STRICT_OBJC_MSGSEND = YES;
				GCC_C_LANGUAGE_STANDARD = gnu99;
				GCC_WARN_64_TO_32_BIT_CONVERSION = YES;
				GCC_WARN_ABOUT_RETURN_TYPE = YES_ERROR;
				GCC_WARN_UNDECLARED_SELECTOR = YES;
				GCC_WARN_UNINITIALIZED_AUTOS = YES_AGGRESSIVE;
				GCC_WARN_UNUSED_FUNCTION = YES;
				GCC_WARN_UNUSED_VARIABLE = YES;
				IPHONEOS_DEPLOYMENT_TARGET = 8.1;
				MTL_ENABLE_DEBUG_INFO = NO;
				SDKROOT = iphoneos;
				VALIDATE_PRODUCT = YES;
			};
			name = Release;
		};
		3AD7E8271ACFD4B00001914E /* Debug */ = {
			isa = XCBuildConfiguration;
			buildSettings = {
				ASSETCATALOG_COMPILER_APPICON_NAME = AppIcon;
				INFOPLIST_FILE = Mafia/Info.plist;
				LD_RUNPATH_SEARCH_PATHS = "$(inherited) @executable_path/Frameworks";
				PRODUCT_NAME = "$(TARGET_NAME)";
			};
			name = Debug;
		};
		3AD7E8281ACFD4B00001914E /* Release */ = {
			isa = XCBuildConfiguration;
			buildSettings = {
				ASSETCATALOG_COMPILER_APPICON_NAME = AppIcon;
				INFOPLIST_FILE = Mafia/Info.plist;
				LD_RUNPATH_SEARCH_PATHS = "$(inherited) @executable_path/Frameworks";
				PRODUCT_NAME = "$(TARGET_NAME)";
			};
			name = Release;
		};
		3AD7E82A1ACFD4B00001914E /* Debug */ = {
			isa = XCBuildConfiguration;
			buildSettings = {
				BUNDLE_LOADER = "$(TEST_HOST)";
				FRAMEWORK_SEARCH_PATHS = (
					"$(SDKROOT)/Developer/Library/Frameworks",
					"$(inherited)",
				);
				GCC_PREPROCESSOR_DEFINITIONS = (
					"DEBUG=1",
					"$(inherited)",
				);
				INFOPLIST_FILE = MafiaTests/Info.plist;
				LD_RUNPATH_SEARCH_PATHS = "$(inherited) @executable_path/Frameworks @loader_path/Frameworks";
				PRODUCT_NAME = "$(TARGET_NAME)";
				TEST_HOST = "$(BUILT_PRODUCTS_DIR)/Mafia.app/Mafia";
			};
			name = Debug;
		};
		3AD7E82B1ACFD4B00001914E /* Release */ = {
			isa = XCBuildConfiguration;
			buildSettings = {
				BUNDLE_LOADER = "$(TEST_HOST)";
				FRAMEWORK_SEARCH_PATHS = (
					"$(SDKROOT)/Developer/Library/Frameworks",
					"$(inherited)",
				);
				INFOPLIST_FILE = MafiaTests/Info.plist;
				LD_RUNPATH_SEARCH_PATHS = "$(inherited) @executable_path/Frameworks @loader_path/Frameworks";
				PRODUCT_NAME = "$(TARGET_NAME)";
				TEST_HOST = "$(BUILT_PRODUCTS_DIR)/Mafia.app/Mafia";
			};
			name = Release;
		};
/* End XCBuildConfiguration section */

/* Begin XCConfigurationList section */
		3AD7E7FB1ACFD4B00001914E /* Build configuration list for PBXProject "Mafia" */ = {
			isa = XCConfigurationList;
			buildConfigurations = (
				3AD7E8241ACFD4B00001914E /* Debug */,
				3AD7E8251ACFD4B00001914E /* Release */,
			);
			defaultConfigurationIsVisible = 0;
			defaultConfigurationName = Release;
		};
		3AD7E8261ACFD4B00001914E /* Build configuration list for PBXNativeTarget "Mafia" */ = {
			isa = XCConfigurationList;
			buildConfigurations = (
				3AD7E8271ACFD4B00001914E /* Debug */,
				3AD7E8281ACFD4B00001914E /* Release */,
			);
			defaultConfigurationIsVisible = 0;
			defaultConfigurationName = Release;
		};
		3AD7E8291ACFD4B00001914E /* Build configuration list for PBXNativeTarget "MafiaTests" */ = {
			isa = XCConfigurationList;
			buildConfigurations = (
				3AD7E82A1ACFD4B00001914E /* Debug */,
				3AD7E82B1ACFD4B00001914E /* Release */,
			);
			defaultConfigurationIsVisible = 0;
			defaultConfigurationName = Release;
		};
/* End XCConfigurationList section */

/* Begin XCVersionGroup section */
		3AD7E80A1ACFD4B00001914E /* Mafia.xcdatamodeld */ = {
			isa = XCVersionGroup;
			children = (
				3AD7E80B1ACFD4B00001914E /* Mafia.xcdatamodel */,
			);
			currentVersion = 3AD7E80B1ACFD4B00001914E /* Mafia.xcdatamodel */;
			path = Mafia.xcdatamodeld;
			sourceTree = "<group>";
			versionGroupType = wrapper.xcdatamodel;
		};
/* End XCVersionGroup section */
	};
	rootObject = 3AD7E7F81ACFD4B00001914E /* Project object */;
}
